PODS:
  - OSCGateway (1.0.1):
    - SwiftOSC (~> 1.2)
  - SwiftOSC (1.2.3)

DEPENDENCIES:
  - OSCGateway (from `../`)

SPEC REPOS:
  https://github.com/cocoapods/specs.git:
    - SwiftOSC

EXTERNAL SOURCES:
  OSCGateway:
    :path: "../"

SPEC CHECKSUMS:
  OSCGateway: 7879036eea4e5579a40eae52febdf66e288df4c0
  SwiftOSC: 9eea2e703211f5f53fc0bc76b3d771485870e8c2

PODFILE CHECKSUM: 767513559179fadc3963ae407a8ef451736f688a

COCOAPODS: 1.6.1
